
Microsoft Visual Studio Solution File, Format Version 12.00
# Visual Studio 2013
VisualStudioVersion = 12.0.31101.0
MinimumVisualStudioVersion = 10.0.40219.1
Project("{FAE04EC0-301F-11D3-BF4B-00C04F79EFBC}") = "NETHelper", "NETHelper\NETHelper.csproj", "{D7B16F8D-88F6-4F7E-827C-9135DC59A5F8}"
EndProject
Project("{FAE04EC0-301F-11D3-BF4B-00C04F79EFBC}") = "NETHelperTests", "NETHelperTests\NETHelperTests.csproj", "{2CBF6C97-9B57-4580-BE46-1A2E7832A171}"
EndProject
Project("{FAE04EC0-301F-11D3-BF4B-00C04F79EFBC}") = "NETHelperConsole", "ConsoleApplication1\NETHelperConsole.csproj", "{BA7EE3FF-D03C-412B-8957-90840D9FF697}"
EndProject
Global
	GlobalSection(SolutionConfigurationPlatforms) = preSolution
		Debug|Any CPU = Debug|Any CPU
		Release|Any CPU = Release|Any CPU
	EndGlobalSection
	GlobalSection(ProjectConfigurationPlatforms) = postSolution
		{D7B16F8D-88F6-4F7E-827C-9135DC59A5F8}.Debug|Any CPU.ActiveCfg = Debug|Any CPU
		{D7B16F8D-88F6-4F7E-827C-9135DC59A5F8}.Debug|Any CPU.Build.0 = Debug|Any CPU
		{D7B16F8D-88F6-4F7E-827C-9135DC59A5F8}.Release|Any CPU.ActiveCfg = Release|Any CPU
		{D7B16F8D-88F6-4F7E-827C-9135DC59A5F8}.Release|Any CPU.Build.0 = Release|Any CPU
		{2CBF6C97-9B57-4580-BE46-1A2E7832A171}.Debug|Any CPU.ActiveCfg = Debug|Any CPU
		{2CBF6C97-9B57-4580-BE46-1A2E7832A171}.Debug|Any CPU.Build.0 = Debug|Any CPU
		{2CBF6C97-9B57-4580-BE46-1A2E7832A171}.Release|Any CPU.ActiveCfg = Release|Any CPU
		{2CBF6C97-9B57-4580-BE46-1A2E7832A171}.Release|Any CPU.Build.0 = Release|Any CPU
		{BA7EE3FF-D03C-412B-8957-90840D9FF697}.Debug|Any CPU.ActiveCfg = Debug|Any CPU
		{BA7EE3FF-D03C-412B-8957-90840D9FF697}.Debug|Any CPU.Build.0 = Debug|Any CPU
		{BA7EE3FF-D03C-412B-8957-90840D9FF697}.Release|Any CPU.ActiveCfg = Release|Any CPU
		{BA7EE3FF-D03C-412B-8957-90840D9FF697}.Release|Any CPU.Build.0 = Release|Any CPU
	EndGlobalSection
	GlobalSection(SolutionProperties) = preSolution
		HideSolutionNode = FALSE
	EndGlobalSection
EndGlobal
